PODS:
  - ImageSlideshow (1.7.0):
    - ImageSlideshow/Core (= 1.7.0)
  - ImageSlideshow/Core (1.7.0)
  - Realm (3.11.0):
    - Realm/Headers (= 3.11.0)
  - Realm/Headers (3.11.0)
  - RealmSwift (3.11.0):
    - Realm (= 3.11.0)
  - TBEmptyDataSet (2.8)
  - TLPhotoPicker (1.7.7)

DEPENDENCIES:
  - ImageSlideshow (~> 1.6)
  - RealmSwift
  - TBEmptyDataSet
  - TLPhotoPicker (~> 1.7.7)

SPEC REPOS:
  https://github.com/cocoapods/specs.git:
    - ImageSlideshow
    - Realm
    - RealmSwift
    - TBEmptyDataSet
    - TLPhotoPicker

SPEC CHECKSUMS:
  ImageSlideshow: f8eec5e37a980f60923b585ff23b0e140fd24018
  Realm: 92f09a102692b96a9a10e9617f214f15c5ab85fc
  RealmSwift: 5f0481cd658bb751c509314b964a35eaa264d2cf
  TBEmptyDataSet: eabe80f13fe620156068d4c3e2ce56227042c96a
  TLPhotoPicker: 9067be3b2233284233cf78fe53eaa6974575e54e

PODFILE CHECKSUM: b94504c59e5222abf050264774ec6c5dc9757306

COCOAPODS: 1.5.2
