// !$*UTF8*$!
{
	archiveVersion = 1;
	classes = {
	};
	objectVersion = 50;
	objects = {

/* Begin PBXBuildFile section */
		6654FEB52117856F00E0D4BA /* AppDelegate.swift in Sources */ = {isa = PBXBuildFile; fileRef = 6654FEB42117856F00E0D4BA /* AppDelegate.swift */; };
		6654FEB72117857000E0D4BA /* HomeViewController.swift in Sources */ = {isa = PBXBuildFile; fileRef = 6654FEB62117857000E0D4BA /* HomeViewController.swift */; };
		6654FEBA2117857000E0D4BA /* Main.storyboard in Resources */ = {isa = PBXBuildFile; fileRef = 6654FEB82117857000E0D4BA /* Main.storyboard */; };
		6654FEBC2117857400E0D4BA /* Assets.xcassets in Resources */ = {isa = PBXBuildFile; fileRef = 6654FEBB2117857400E0D4BA /* Assets.xcassets */; };
		6654FEBF2117857400E0D4BA /* LaunchScreen.storyboard in Resources */ = {isa = PBXBuildFile; fileRef = 6654FEBD2117857400E0D4BA /* LaunchScreen.storyboard */; };
		6654FECF2117863A00E0D4BA /* RealmSwift.framework in Frameworks */ = {isa = PBXBuildFile; fileRef = 6654FECD2117863800E0D4BA /* RealmSwift.framework */; };
		6654FED02117863A00E0D4BA /* RealmSwift.framework in Embed Frameworks */ = {isa = PBXBuildFile; fileRef = 6654FECD2117863800E0D4BA /* RealmSwift.framework */; settings = {ATTRIBUTES = (CodeSignOnCopy, RemoveHeadersOnCopy, ); }; };
		6654FED12117863A00E0D4BA /* Realm.framework in Frameworks */ = {isa = PBXBuildFile; fileRef = 6654FECE2117863A00E0D4BA /* Realm.framework */; };
		6654FED22117863A00E0D4BA /* Realm.framework in Embed Frameworks */ = {isa = PBXBuildFile; fileRef = 6654FECE2117863A00E0D4BA /* Realm.framework */; settings = {ATTRIBUTES = (CodeSignOnCopy, RemoveHeadersOnCopy, ); }; };
/* End PBXBuildFile section */

/* Begin PBXCopyFilesBuildPhase section */
		6654FED32117863A00E0D4BA /* Embed Frameworks */ = {
			isa = PBXCopyFilesBuildPhase;
			buildActionMask = 2147483647;
			dstPath = "";
			dstSubfolderSpec = 10;
			files = (
				6654FED22117863A00E0D4BA /* Realm.framework in Embed Frameworks */,
				6654FED02117863A00E0D4BA /* RealmSwift.framework in Embed Frameworks */,
			);
			name = "Embed Frameworks";
			runOnlyForDeploymentPostprocessing = 0;
		};
/* End PBXCopyFilesBuildPhase section */

/* Begin PBXFileReference section */
		6654FEB12117856F00E0D4BA /* Collect.app */ = {isa = PBXFileReference; explicitFileType = wrapper.application; includeInIndex = 0; path = Collect.app; sourceTree = BUILT_PRODUCTS_DIR; };
		6654FEB42117856F00E0D4BA /* AppDelegate.swift */ = {isa = PBXFileReference; lastKnownFileType = sourcecode.swift; path = AppDelegate.swift; sourceTree = "<group>"; };
		6654FEB62117857000E0D4BA /* HomeViewController.swift */ = {isa = PBXFileReference; lastKnownFileType = sourcecode.swift; path = HomeViewController.swift; sourceTree = "<group>"; };
		6654FEB92117857000E0D4BA /* Base */ = {isa = PBXFileReference; lastKnownFileType = file.storyboard; name = Base; path = Base.lproj/Main.storyboard; sourceTree = "<group>"; };
		6654FEBB2117857400E0D4BA /* Assets.xcassets */ = {isa = PBXFileReference; lastKnownFileType = folder.assetcatalog; path = Assets.xcassets; sourceTree = "<group>"; };
		6654FEBE2117857400E0D4BA /* Base */ = {isa = PBXFileReference; lastKnownFileType = file.storyboard; name = Base; path = Base.lproj/LaunchScreen.storyboard; sourceTree = "<group>"; };
		6654FEC02117857400E0D4BA /* Info.plist */ = {isa = PBXFileReference; lastKnownFileType = text.plist.xml; path = Info.plist; sourceTree = "<group>"; };
		6654FECD2117863800E0D4BA /* RealmSwift.framework */ = {isa = PBXFileReference; lastKnownFileType = wrapper.framework; path = RealmSwift.framework; sourceTree = "<group>"; };
		6654FECE2117863A00E0D4BA /* Realm.framework */ = {isa = PBXFileReference; lastKnownFileType = wrapper.framework; path = Realm.framework; sourceTree = "<group>"; };
/* End PBXFileReference section */

/* Begin PBXFrameworksBuildPhase section */
		6654FEAE2117856F00E0D4BA /* Frameworks */ = {
			isa = PBXFrameworksBuildPhase;
			buildActionMask = 2147483647;
			files = (
				6654FED12117863A00E0D4BA /* Realm.framework in Frameworks */,
				6654FECF2117863A00E0D4BA /* RealmSwift.framework in Frameworks */,
			);
			runOnlyForDeploymentPostprocessing = 0;
		};
/* End PBXFrameworksBuildPhase section */

/* Begin PBXGroup section */
		6654FEA82117856F00E0D4BA = {
			isa = PBXGroup;
			children = (
				6654FECE2117863A00E0D4BA /* Realm.framework */,
				6654FECD2117863800E0D4BA /* RealmSwift.framework */,
				6654FEB32117856F00E0D4BA /* Collect */,
				6654FEB22117856F00E0D4BA /* Products */,
			);
			sourceTree = "<group>";
		};
		6654FEB22117856F00E0D4BA /* Products */ = {
			isa = PBXGroup;
			children = (
				6654FEB12117856F00E0D4BA /* Collect.app */,
			);
			name = Products;
			sourceTree = "<group>";
		};
		6654FEB32117856F00E0D4BA /* Collect */ = {
			isa = PBXGroup;
			children = (
				6654FEB42117856F00E0D4BA /* AppDelegate.swift */,
				6654FEB62117857000E0D4BA /* HomeViewController.swift */,
				6654FEB82117857000E0D4BA /* Main.storyboard */,
				6654FEBB2117857400E0D4BA /* Assets.xcassets */,
				6654FEBD2117857400E0D4BA /* LaunchScreen.storyboard */,
				6654FEC02117857400E0D4BA /* Info.plist */,
			);
			path = Collect;
			sourceTree = "<group>";
		};
/* End PBXGroup section */

/* Begin PBXNativeTarget section */
		6654FEB02117856F00E0D4BA /* Collect */ = {
			isa = PBXNativeTarget;
			buildConfigurationList = 6654FEC32117857400E0D4BA /* Build configuration list for PBXNativeTarget "Collect" */;
			buildPhases = (
				6654FEAD2117856F00E0D4BA /* Sources */,
				6654FEAE2117856F00E0D4BA /* Frameworks */,
				6654FEAF2117856F00E0D4BA /* Resources */,
				6654FED32117863A00E0D4BA /* Embed Frameworks */,
				6654FED42117866E00E0D4BA /* ShellScript */,
			);
			buildRules = (
			);
			dependencies = (
			);
			name = Collect;
			productName = Collect;
			productReference = 6654FEB12117856F00E0D4BA /* Collect.app */;
			productType = "com.apple.product-type.application";
		};
/* End PBXNativeTarget section */

/* Begin PBXProject section */
		6654FEA92117856F00E0D4BA /* Project object */ = {
			isa = PBXProject;
			attributes = {
				LastSwiftUpdateCheck = 0940;
				LastUpgradeCheck = 0940;
				ORGANIZATIONNAME = "Adam Amran";
				TargetAttributes = {
					6654FEB02117856F00E0D4BA = {
						CreatedOnToolsVersion = 9.4.1;
					};
				};
			};
			buildConfigurationList = 6654FEAC2117856F00E0D4BA /* Build configuration list for PBXProject "Collect" */;
			compatibilityVersion = "Xcode 9.3";
			developmentRegion = en;
			hasScannedForEncodings = 0;
			knownRegions = (
				en,
				Base,
			);
			mainGroup = 6654FEA82117856F00E0D4BA;
			productRefGroup = 6654FEB22117856F00E0D4BA /* Products */;
			projectDirPath = "";
			projectRoot = "";
			targets = (
				6654FEB02117856F00E0D4BA /* Collect */,
			);
		};
/* End PBXProject section */

/* Begin PBXResourcesBuildPhase section */
		6654FEAF2117856F00E0D4BA /* Resources */ = {
			isa = PBXResourcesBuildPhase;
			buildActionMask = 2147483647;
			files = (
				6654FEBF2117857400E0D4BA /* LaunchScreen.storyboard in Resources */,
				6654FEBC2117857400E0D4BA /* Assets.xcassets in Resources */,
				6654FEBA2117857000E0D4BA /* Main.storyboard in Resources */,
			);
			runOnlyForDeploymentPostprocessing = 0;
		};
/* End PBXResourcesBuildPhase section */

/* Begin PBXShellScriptBuildPhase section */
		6654FED42117866E00E0D4BA /* ShellScript */ = {
			isa = PBXShellScriptBuildPhase;
			buildActionMask = 2147483647;
			files = (
			);
			inputPaths = (
			);
			outputPaths = (
			);
			runOnlyForDeploymentPostprocessing = 0;
			shellPath = /bin/sh;
			shellScript = "bash \"${BUILT_PRODUCTS_DIR}/${FRAMEWORKS_FOLDER_PATH}/Realm.framework/strip-frameworks.sh\"";
		};
/* End PBXShellScriptBuildPhase section */

/* Begin PBXSourcesBuildPhase section */
		6654FEAD2117856F00E0D4BA /* Sources */ = {
			isa = PBXSourcesBuildPhase;
			buildActionMask = 2147483647;
			files = (
				6654FEB72117857000E0D4BA /* HomeViewController.swift in Sources */,
				6654FEB52117856F00E0D4BA /* AppDelegate.swift in Sources */,
			);
			runOnlyForDeploymentPostprocessing = 0;
		};
/* End PBXSourcesBuildPhase section */

/* Begin PBXVariantGroup section */
		6654FEB82117857000E0D4BA /* Main.storyboard */ = {
			isa = PBXVariantGroup;
			children = (
				6654FEB92117857000E0D4BA /* Base */,
			);
			name = Main.storyboard;
			sourceTree = "<group>";
		};
		6654FEBD2117857400E0D4BA /* LaunchScreen.storyboard */ = {
			isa = PBXVariantGroup;
			children = (
				6654FEBE2117857400E0D4BA /* Base */,
			);
			name = LaunchScreen.storyboard;
			sourceTree = "<group>";
		};
/* End PBXVariantGroup section */

/* Begin XCBuildConfiguration section */
		6654FEC12117857400E0D4BA /* Debug */ = {
			isa = XCBuildConfiguration;
			buildSettings = {
				ALWAYS_SEARCH_USER_PATHS = NO;
				CLANG_ANALYZER_NONNULL = YES;
				CLANG_ANALYZER_NUMBER_OBJECT_CONVERSION = YES_AGGRESSIVE;
				CLANG_CXX_LANGUAGE_STANDARD = "gnu++14";
				CLANG_CXX_LIBRARY = "libc++";
				CLANG_ENABLE_MODULES = YES;
				CLANG_ENABLE_OBJC_ARC = YES;
				CLANG_ENABLE_OBJC_WEAK = YES;
				CLANG_WARN_BLOCK_CAPTURE_AUTORELEASING = YES;
				CLANG_WARN_BOOL_CONVERSION = YES;
				CLANG_WARN_COMMA = YES;
				CLANG_WARN_CONSTANT_CONVERSION = YES;
				CLANG_WARN_DEPRECATED_OBJC_IMPLEMENTATIONS = YES;
				CLANG_WARN_DIRECT_OBJC_ISA_USAGE = YES_ERROR;
				CLANG_WARN_DOCUMENTATION_COMMENTS = YES;
				CLANG_WARN_EMPTY_BODY = YES;
				CLANG_WARN_ENUM_CONVERSION = YES;
				CLANG_WARN_INFINITE_RECURSION = YES;
				CLANG_WARN_INT_CONVERSION = YES;
				CLANG_WARN_NON_LITERAL_NULL_CONVERSION = YES;
				CLANG_WARN_OBJC_IMPLICIT_RETAIN_SELF = YES;
				CLANG_WARN_OBJC_LITERAL_CONVERSION = YES;
				CLANG_WARN_OBJC_ROOT_CLASS = YES_ERROR;
				CLANG_WARN_RANGE_LOOP_ANALYSIS = YES;
				CLANG_WARN_STRICT_PROTOTYPES = YES;
				CLANG_WARN_SUSPICIOUS_MOVE = YES;
				CLANG_WARN_UNGUARDED_AVAILABILITY = YES_AGGRESSIVE;
				CLANG_WARN_UNREACHABLE_CODE = YES;
				CLANG_WARN__DUPLICATE_METHOD_MATCH = YES;
				CODE_SIGN_IDENTITY = "iPhone Developer";
				COPY_PHASE_STRIP = NO;
				DEBUG_INFORMATION_FORMAT = dwarf;
				ENABLE_STRICT_OBJC_MSGSEND = YES;
				ENABLE_TESTABILITY = YES;
				GCC_C_LANGUAGE_STANDARD = gnu11;
				GCC_DYNAMIC_NO_PIC = NO;
				GCC_NO_COMMON_BLOCKS = YES;
				GCC_OPTIMIZATION_LEVEL = 0;
				GCC_PREPROCESSOR_DEFINITIONS = (
					"DEBUG=1",
					"$(inherited)",
				);
				GCC_WARN_64_TO_32_BIT_CONVERSION = YES;
				GCC_WARN_ABOUT_RETURN_TYPE = YES_ERROR;
				GCC_WARN_UNDECLARED_SELECTOR = YES;
				GCC_WARN_UNINITIALIZED_AUTOS = YES_AGGRESSIVE;
				GCC_WARN_UNUSED_FUNCTION = YES;
				GCC_WARN_UNUSED_VARIABLE = YES;
				IPHONEOS_DEPLOYMENT_TARGET = 11.4;
				MTL_ENABLE_DEBUG_INFO = YES;
				ONLY_ACTIVE_ARCH = YES;
				SDKROOT = iphoneos;
				SWIFT_ACTIVE_COMPILATION_CONDITIONS = DEBUG;
				SWIFT_OPTIMIZATION_LEVEL = "-Onone";
			};
			name = Debug;
		};
		6654FEC22117857400E0D4BA /* Release */ = {
			isa = XCBuildConfiguration;
			buildSettings = {
				ALWAYS_SEARCH_USER_PATHS = NO;
				CLANG_ANALYZER_NONNULL = YES;
				CLANG_ANALYZER_NUMBER_OBJECT_CONVERSION = YES_AGGRESSIVE;
				CLANG_CXX_LANGUAGE_STANDARD = "gnu++14";
				CLANG_CXX_LIBRARY = "libc++";
				CLANG_ENABLE_MODULES = YES;
				CLANG_ENABLE_OBJC_ARC = YES;
				CLANG_ENABLE_OBJC_WEAK = YES;
				CLANG_WARN_BLOCK_CAPTURE_AUTORELEASING = YES;
				CLANG_WARN_BOOL_CONVERSION = YES;
				CLANG_WARN_COMMA = YES;
				CLANG_WARN_CONSTANT_CONVERSION = YES;
				CLANG_WARN_DEPRECATED_OBJC_IMPLEMENTATIONS = YES;
				CLANG_WARN_DIRECT_OBJC_ISA_USAGE = YES_ERROR;
				CLANG_WARN_DOCUMENTATION_COMMENTS = YES;
				CLANG_WARN_EMPTY_BODY = YES;
				CLANG_WARN_ENUM_CONVERSION = YES;
				CLANG_WARN_INFINITE_RECURSION = YES;
				CLANG_WARN_INT_CONVERSION = YES;
				CLANG_WARN_NON_LITERAL_NULL_CONVERSION = YES;
				CLANG_WARN_OBJC_IMPLICIT_RETAIN_SELF = YES;
				CLANG_WARN_OBJC_LITERAL_CONVERSION = YES;
				CLANG_WARN_OBJC_ROOT_CLASS = YES_ERROR;
				CLANG_WARN_RANGE_LOOP_ANALYSIS = YES;
				CLANG_WARN_STRICT_PROTOTYPES = YES;
				CLANG_WARN_SUSPICIOUS_MOVE = YES;
				CLANG_WARN_UNGUARDED_AVAILABILITY = YES_AGGRESSIVE;
				CLANG_WARN_UNREACHABLE_CODE = YES;
				CLANG_WARN__DUPLICATE_METHOD_MATCH = YES;
				CODE_SIGN_IDENTITY = "iPhone Developer";
				COPY_PHASE_STRIP = NO;
				DEBUG_INFORMATION_FORMAT = "dwarf-with-dsym";
				ENABLE_NS_ASSERTIONS = NO;
				ENABLE_STRICT_OBJC_MSGSEND = YES;
				GCC_C_LANGUAGE_STANDARD = gnu11;
				GCC_NO_COMMON_BLOCKS = YES;
				GCC_WARN_64_TO_32_BIT_CONVERSION = YES;
				GCC_WARN_ABOUT_RETURN_TYPE = YES_ERROR;
				GCC_WARN_UNDECLARED_SELECTOR = YES;
				GCC_WARN_UNINITIALIZED_AUTOS = YES_AGGRESSIVE;
				GCC_WARN_UNUSED_FUNCTION = YES;
				GCC_WARN_UNUSED_VARIABLE = YES;
				IPHONEOS_DEPLOYMENT_TARGET = 11.4;
				MTL_ENABLE_DEBUG_INFO = NO;
				SDKROOT = iphoneos;
				SWIFT_COMPILATION_MODE = wholemodule;
				SWIFT_OPTIMIZATION_LEVEL = "-O";
				VALIDATE_PRODUCT = YES;
			};
			name = Release;
		};
		6654FEC42117857400E0D4BA /* Debug */ = {
			isa = XCBuildConfiguration;
			buildSettings = {
				ASSETCATALOG_COMPILER_APPICON_NAME = AppIcon;
				CODE_SIGN_STYLE = Automatic;
				DEVELOPMENT_TEAM = W2UDCYQC3Z;
				FRAMEWORK_SEARCH_PATHS = (
					"$(inherited)",
					"$(PROJECT_DIR)",
				);
				INFOPLIST_FILE = Collect/Info.plist;
				LD_RUNPATH_SEARCH_PATHS = (
					"$(inherited)",
					"@executable_path/Frameworks",
				);
				PRODUCT_BUNDLE_IDENTIFIER = amrancz.Collect;
				PRODUCT_NAME = "$(TARGET_NAME)";
				SWIFT_VERSION = 4.0;
				TARGETED_DEVICE_FAMILY = "1,2";
			};
			name = Debug;
		};
		6654FEC52117857400E0D4BA /* Release */ = {
			isa = XCBuildConfiguration;
			buildSettings = {
				ASSETCATALOG_COMPILER_APPICON_NAME = AppIcon;
				CODE_SIGN_STYLE = Automatic;
				DEVELOPMENT_TEAM = W2UDCYQC3Z;
				FRAMEWORK_SEARCH_PATHS = (
					"$(inherited)",
					"$(PROJECT_DIR)",
				);
				INFOPLIST_FILE = Collect/Info.plist;
				LD_RUNPATH_SEARCH_PATHS = (
					"$(inherited)",
					"@executable_path/Frameworks",
				);
				PRODUCT_BUNDLE_IDENTIFIER = amrancz.Collect;
				PRODUCT_NAME = "$(TARGET_NAME)";
				SWIFT_VERSION = 4.0;
				TARGETED_DEVICE_FAMILY = "1,2";
			};
			name = Release;
		};
/* End XCBuildConfiguration section */

/* Begin XCConfigurationList section */
		6654FEAC2117856F00E0D4BA /* Build configuration list for PBXProject "Collect" */ = {
			isa = XCConfigurationList;
			buildConfigurations = (
				6654FEC12117857400E0D4BA /* Debug */,
				6654FEC22117857400E0D4BA /* Release */,
			);
			defaultConfigurationIsVisible = 0;
			defaultConfigurationName = Release;
		};
		6654FEC32117857400E0D4BA /* Build configuration list for PBXNativeTarget "Collect" */ = {
			isa = XCConfigurationList;
			buildConfigurations = (
				6654FEC42117857400E0D4BA /* Debug */,
				6654FEC52117857400E0D4BA /* Release */,
			);
			defaultConfigurationIsVisible = 0;
			defaultConfigurationName = Release;
		};
/* End XCConfigurationList section */
	};
	rootObject = 6654FEA92117856F00E0D4BA /* Project object */;
}
